<?xml version="1.0" encoding="utf-8"?>
<Project ToolsVersion="4.0" xmlns="http://schemas.microsoft.com/developer/msbuild/2003">
  <ItemGroup>
    <Filter Include="Engine">
      <UniqueIdentifier>{78defa3f-ab15-46fd-be4f-9d10d2c0545e}</UniqueIdentifier>
    </Filter>
    <Filter Include="System">
      <UniqueIdentifier>{2cd727c0-6237-4418-a658-22925e2a0389}</UniqueIdentifier>
    </Filter>
    <Filter Include="Graphics">
      <UniqueIdentifier>{5eec1480-d745-4b70-9384-b2ce0bee55fd}</UniqueIdentifier>
    </Filter>
    <Filter Include="Input">
      <UniqueIdentifier>{5eaf992a-6744-4d8f-8d05-6e77775a6b49}</UniqueIdentifier>
    </Filter>
    <Filter Include="Gui">
      <UniqueIdentifier>{702cbf84-a418-4239-982f-a0543dab3089}</UniqueIdentifier>
    </Filter>
    <Filter Include="Math">
      <UniqueIdentifier>{72d85e26-faa9-4562-adb6-af34ec360088}</UniqueIdentifier>
    </Filter>
    <Filter Include="Sound">
      <UniqueIdentifier>{0f906dbb-c38a-4100-ab5d-fe3ac13cd5d3}</UniqueIdentifier>
    </Filter>
    <Filter Include="Xml">
      <UniqueIdentifier>{58645e84-565b-4c31-a403-b58555e3d573}</UniqueIdentifier>
    </Filter>
    <Filter Include="System\PlatformSpecific">
      <UniqueIdentifier>{fcf8a895-8c52-4ddf-a504-2fd384c2edec}</UniqueIdentifier>
    </Filter>
  </ItemGroup>
  <ItemGroup>
    <ClInclude Include="include\system\String.h">
      <Filter>System</Filter>
    </ClInclude>
    <ClInclude Include="include\engine\LogWriter.h">
      <Filter>Engine</Filter>
    </ClInclude>
    <ClInclude Include="include\Alkali.h" />
    <ClInclude Include="include\system\SystemTypes.h">
      <Filter>System</Filter>
    </ClInclude>
    <ClInclude Include="include\system\MemoryManager.h">
      <Filter>System</Filter>
    </ClInclude>
    <ClInclude Include="include\system\Platform.h">
      <Filter>System</Filter>
    </ClInclude>
    <ClInclude Include="include\system\Date.h">
      <Filter>System</Filter>
    </ClInclude>
    <ClInclude Include="include\system\MutEx.h">
      <Filter>System</Filter>
    </ClInclude>
    <ClInclude Include="include\system\Thread.h">
      <Filter>System</Filter>
    </ClInclude>
    <ClInclude Include="include\graphics\GraphicsSDL.h">
      <Filter>Graphics</Filter>
    </ClInclude>
    <ClInclude Include="include\engine\Engine.h">
      <Filter>Engine</Filter>
    </ClInclude>
    <ClInclude Include="include\gui\Gui.h">
      <Filter>Gui</Filter>
    </ClInclude>
    <ClInclude Include="include\input\Input.h">
      <Filter>Input</Filter>
    </ClInclude>
    <ClInclude Include="include\engine\EngineSDL.h">
      <Filter>Engine</Filter>
    </ClInclude>
    <ClInclude Include="include\graphics\Graphics.h">
      <Filter>Graphics</Filter>
    </ClInclude>
  </ItemGroup>
  <ItemGroup>
    <ClCompile Include="source\engine\LogWriter.cpp">
      <Filter>Engine</Filter>
    </ClCompile>
    <ClCompile Include="source\engine\Main.cpp">
      <Filter>Engine</Filter>
    </ClCompile>
    <ClCompile Include="source\system\MemoryManager.cpp">
      <Filter>System</Filter>
    </ClCompile>
    <ClCompile Include="source\system\Thread.cpp">
      <Filter>System</Filter>
    </ClCompile>
    <ClCompile Include="source\system\String.cpp">
      <Filter>System</Filter>
    </ClCompile>
    <ClCompile Include="source\system\MutEx.cpp">
      <Filter>System</Filter>
    </ClCompile>
    <ClCompile Include="source\system\Platform.cpp">
      <Filter>System</Filter>
    </ClCompile>
    <ClCompile Include="source\graphics\GraphicsSDL.cpp">
      <Filter>Graphics</Filter>
    </ClCompile>
    <ClCompile Include="source\system\platform_specific\PlatfromWindows.cpp">
      <Filter>System\PlatformSpecific</Filter>
    </ClCompile>
    <ClCompile Include="source\engine\Engine.cpp">
      <Filter>Engine</Filter>
    </ClCompile>
    <ClCompile Include="source\gui\Gui.cpp">
      <Filter>Gui</Filter>
    </ClCompile>
    <ClCompile Include="source\input\Input.cpp">
      <Filter>Input</Filter>
    </ClCompile>
    <ClCompile Include="source\engine\EngineSDL.cpp">
      <Filter>Engine</Filter>
    </ClCompile>
    <ClCompile Include="source\graphics\Graphics.cpp">
      <Filter>Graphics</Filter>
    </ClCompile>
  </ItemGroup>
</Project>