<?xml version="1.0" encoding="utf-8"?>
<Project ToolsVersion="4.0" xmlns="http://schemas.microsoft.com/developer/msbuild/2003">
  <ItemGroup>
    <Filter Include="Engine">
      <UniqueIdentifier>{78defa3f-ab15-46fd-be4f-9d10d2c0545e}</UniqueIdentifier>
    </Filter>
    <Filter Include="System">
      <UniqueIdentifier>{2cd727c0-6237-4418-a658-22925e2a0389}</UniqueIdentifier>
    </Filter>
    <Filter Include="Graphics">
      <UniqueIdentifier>{5eec1480-d745-4b70-9384-b2ce0bee55fd}</UniqueIdentifier>
    </Filter>
    <Filter Include="Input">
      <UniqueIdentifier>{5eaf992a-6744-4d8f-8d05-6e77775a6b49}</UniqueIdentifier>
    </Filter>
    <Filter Include="Gui">
      <UniqueIdentifier>{702cbf84-a418-4239-982f-a0543dab3089}</UniqueIdentifier>
    </Filter>
    <Filter Include="Math">
      <UniqueIdentifier>{72d85e26-faa9-4562-adb6-af34ec360088}</UniqueIdentifier>
    </Filter>
    <Filter Include="Sound">
      <UniqueIdentifier>{0f906dbb-c38a-4100-ab5d-fe3ac13cd5d3}</UniqueIdentifier>
    </Filter>
    <Filter Include="System\PlatformSpecific">
      <UniqueIdentifier>{fcf8a895-8c52-4ddf-a504-2fd384c2edec}</UniqueIdentifier>
    </Filter>
    <Filter Include="Video">
      <UniqueIdentifier>{8f95796f-edea-480b-9cee-34a9b6724afd}</UniqueIdentifier>
    </Filter>
    <Filter Include="Graphics\APISpecific">
      <UniqueIdentifier>{68b96e15-cf1a-40a3-9a83-b84a070db539}</UniqueIdentifier>
    </Filter>
    <Filter Include="Graphics\APISpecific\GLSL">
      <UniqueIdentifier>{f4e683ee-29af-41ef-af66-0e0757669c90}</UniqueIdentifier>
    </Filter>
    <Filter Include="Json">
      <UniqueIdentifier>{58645e84-565b-4c31-a403-b58555e3d573}</UniqueIdentifier>
    </Filter>
    <Filter Include="Graphics\APISpecific\HLSL">
      <UniqueIdentifier>{5e303b9c-ccab-4e17-8f1e-4fdc74133675}</UniqueIdentifier>
    </Filter>
    <Filter Include="Resources">
      <UniqueIdentifier>{3ff1047d-52f2-4449-8407-5ed77900ded6}</UniqueIdentifier>
    </Filter>
    <Filter Include="Json\JSON">
      <UniqueIdentifier>{fd497462-39b0-4cfd-851e-c1e6c0c5b0c2}</UniqueIdentifier>
    </Filter>
  </ItemGroup>
  <ItemGroup>
    <ClInclude Include="include\system\String.h">
      <Filter>System</Filter>
    </ClInclude>
    <ClInclude Include="include\engine\LogWriter.h">
      <Filter>Engine</Filter>
    </ClInclude>
    <ClInclude Include="include\Alkali.h" />
    <ClInclude Include="include\system\SystemTypes.h">
      <Filter>System</Filter>
    </ClInclude>
    <ClInclude Include="include\system\MemoryManager.h">
      <Filter>System</Filter>
    </ClInclude>
    <ClInclude Include="include\system\Platform.h">
      <Filter>System</Filter>
    </ClInclude>
    <ClInclude Include="include\system\Date.h">
      <Filter>System</Filter>
    </ClInclude>
    <ClInclude Include="include\system\MutEx.h">
      <Filter>System</Filter>
    </ClInclude>
    <ClInclude Include="include\system\Thread.h">
      <Filter>System</Filter>
    </ClInclude>
    <ClInclude Include="include\engine\Engine.h">
      <Filter>Engine</Filter>
    </ClInclude>
    <ClInclude Include="include\gui\Gui.h">
      <Filter>Gui</Filter>
    </ClInclude>
    <ClInclude Include="include\input\Input.h">
      <Filter>Input</Filter>
    </ClInclude>
    <ClInclude Include="include\engine\EngineSDL.h">
      <Filter>Engine</Filter>
    </ClInclude>
    <ClInclude Include="include\graphics\Graphics.h">
      <Filter>Graphics</Filter>
    </ClInclude>
    <ClInclude Include="include\video\VideoInterface.h">
      <Filter>Video</Filter>
    </ClInclude>
    <ClInclude Include="include\video\VideoSDL.h">
      <Filter>Video</Filter>
    </ClInclude>
    <ClInclude Include="include\engine\EngineSetupInterface.h">
      <Filter>Engine</Filter>
    </ClInclude>
    <ClInclude Include="include\video\Video.h">
      <Filter>Video</Filter>
    </ClInclude>
    <ClInclude Include="include\engine\InitVars.h">
      <Filter>Engine</Filter>
    </ClInclude>
    <ClInclude Include="include\graphics\ShaderGLSL.h">
      <Filter>Graphics\APISpecific\GLSL</Filter>
    </ClInclude>
    <ClInclude Include="include\graphics\GPUProgram.h">
      <Filter>Graphics</Filter>
    </ClInclude>
    <ClInclude Include="include\graphics\Shader.h">
      <Filter>Graphics</Filter>
    </ClInclude>
    <ClInclude Include="include\graphics\GPUProgramGLSL.h">
      <Filter>Graphics\APISpecific\GLSL</Filter>
    </ClInclude>
    <ClInclude Include="include\system\FlagBits.h">
      <Filter>System</Filter>
    </ClInclude>
    <ClInclude Include="include\math\Math.h">
      <Filter>Math</Filter>
    </ClInclude>
    <ClInclude Include="include\math\Matrix.h">
      <Filter>Math</Filter>
    </ClInclude>
    <ClInclude Include="include\math\Vector3.h">
      <Filter>Math</Filter>
    </ClInclude>
    <ClInclude Include="source\math\Plane.h">
      <Filter>Math</Filter>
    </ClInclude>
    <ClInclude Include="include\graphics\Colour.h">
      <Filter>Graphics</Filter>
    </ClInclude>
    <ClInclude Include="include\math\Vector2.h">
      <Filter>Math</Filter>
    </ClInclude>
    <ClInclude Include="include\resources\ShaderManager.h">
      <Filter>Resources</Filter>
    </ClInclude>
    <ClInclude Include="include\resources\ResourceManager.h">
      <Filter>Resources</Filter>
    </ClInclude>
    <ClInclude Include="include\resources\FileSearcher.h">
      <Filter>Resources</Filter>
    </ClInclude>
    <ClInclude Include="include\json\JsonDocument.h">
      <Filter>Json</Filter>
    </ClInclude>
    <ClInclude Include="include\json\JsonCPPWrapper.h">
      <Filter>Json</Filter>
    </ClInclude>
    <ClInclude Include="include\json\json.hpp">
      <Filter>Json\JSON</Filter>
    </ClInclude>
    <ClInclude Include="include\json\picojson.h">
      <Filter>Json</Filter>
    </ClInclude>
  </ItemGroup>
  <ItemGroup>
    <ClCompile Include="source\engine\LogWriter.cpp">
      <Filter>Engine</Filter>
    </ClCompile>
    <ClCompile Include="source\engine\Main.cpp">
      <Filter>Engine</Filter>
    </ClCompile>
    <ClCompile Include="source\system\MemoryManager.cpp">
      <Filter>System</Filter>
    </ClCompile>
    <ClCompile Include="source\system\Thread.cpp">
      <Filter>System</Filter>
    </ClCompile>
    <ClCompile Include="source\system\String.cpp">
      <Filter>System</Filter>
    </ClCompile>
    <ClCompile Include="source\system\MutEx.cpp">
      <Filter>System</Filter>
    </ClCompile>
    <ClCompile Include="source\system\Platform.cpp">
      <Filter>System</Filter>
    </ClCompile>
    <ClCompile Include="source\engine\Engine.cpp">
      <Filter>Engine</Filter>
    </ClCompile>
    <ClCompile Include="source\gui\Gui.cpp">
      <Filter>Gui</Filter>
    </ClCompile>
    <ClCompile Include="source\input\Input.cpp">
      <Filter>Input</Filter>
    </ClCompile>
    <ClCompile Include="source\engine\EngineSDL.cpp">
      <Filter>Engine</Filter>
    </ClCompile>
    <ClCompile Include="source\video\VideoInterface.cpp">
      <Filter>Video</Filter>
    </ClCompile>
    <ClCompile Include="source\video\VideoSDL.cpp">
      <Filter>Video</Filter>
    </ClCompile>
    <ClCompile Include="source\video\Video.cpp">
      <Filter>Video</Filter>
    </ClCompile>
    <ClCompile Include="source\graphics\ShaderGLSL.cpp">
      <Filter>Graphics\APISpecific\GLSL</Filter>
    </ClCompile>
    <ClCompile Include="source\graphics\Graphics.cpp">
      <Filter>Graphics</Filter>
    </ClCompile>
    <ClCompile Include="source\graphics\GPUProgram.cpp">
      <Filter>Graphics</Filter>
    </ClCompile>
    <ClCompile Include="source\graphics\GPUProgramGLSL.cpp">
      <Filter>Graphics\APISpecific\GLSL</Filter>
    </ClCompile>
    <ClCompile Include="source\math\Matrix.cpp">
      <Filter>Math</Filter>
    </ClCompile>
    <ClCompile Include="source\math\Math.cpp">
      <Filter>Math</Filter>
    </ClCompile>
    <ClCompile Include="source\graphics\Colour.cpp">
      <Filter>Graphics</Filter>
    </ClCompile>
    <ClCompile Include="source\system\platform_specific\PlatformWindows.cpp">
      <Filter>System\PlatformSpecific</Filter>
    </ClCompile>
    <ClCompile Include="source\resources\ResourceManager.cpp">
      <Filter>Resources</Filter>
    </ClCompile>
    <ClCompile Include="source\resources\ShaderManager.cpp">
      <Filter>Resources</Filter>
    </ClCompile>
    <ClCompile Include="source\resources\FileSearcher.cpp">
      <Filter>Resources</Filter>
    </ClCompile>
    <ClCompile Include="source\json\JsonDocument.cpp">
      <Filter>Json</Filter>
    </ClCompile>
  </ItemGroup>
</Project>